
Microsoft Visual Studio Solution File, Format Version 12.00
# Visual Studio Version 17
VisualStudioVersion = 17.0.31903.59
MinimumVisualStudioVersion = 10.0.40219.1
Project("{2150E333-8FDC-42A3-9474-1A3956D46DE8}") = "Services", "Services", "{34D76670-5A2D-4144-B3E5-12BDC3B18ECD}"
EndProject
Project("{9A19103F-16F7-4668-BE54-9A1E7A4F7556}") = "Shared.Domain", "Services\Shared.Domain\Shared.Domain.csproj", "{8E3469C0-3715-42DD-B4C2-C34866F084C8}"
EndProject
Project("{9A19103F-16F7-4668-BE54-9A1E7A4F7556}") = "Shared.Infrastructure", "Services\Shared.Infrastructure\Shared.Infrastructure.csproj", "{601C9AEA-8F8B-4EF7-9744-84150CFF95F5}"
EndProject
Project("{2150E333-8FDC-42A3-9474-1A3956D46DE8}") = "IAM", "IAM", "{EDC33FDA-A517-4142-A1AD-82D92B8FF6B9}"
EndProject
Project("{9A19103F-16F7-4668-BE54-9A1E7A4F7556}") = "IAM.API", "Services\IAM\IAM.API\IAM.API.csproj", "{35498BBA-7E54-4385-BD40-F3B530F75AA7}"
EndProject
Project("{9A19103F-16F7-4668-BE54-9A1E7A4F7556}") = "IAM.Domain", "Services\IAM\IAM.Domain\IAM.Domain.csproj", "{58270B88-130E-4741-8BC5-F7E52FE1F706}"
EndProject
Project("{9A19103F-16F7-4668-BE54-9A1E7A4F7556}") = "IAM.Infrastructure", "Services\IAM\IAM.Infrastructure\IAM.Infrastructure.csproj", "{B15FC2A3-1A03-4FE9-BC6A-D9D0F23C0402}"
EndProject
Project("{2150E333-8FDC-42A3-9474-1A3956D46DE8}") = "APIGateway", "APIGateway", "{4E51C186-FCBD-4586-828E-023C12B78A23}"
EndProject
Project("{9A19103F-16F7-4668-BE54-9A1E7A4F7556}") = "PitchFinder.Gateway", "APIGateway\PitchFinder.Gateway\PitchFinder.Gateway.csproj", "{4C6D9DF1-3840-450A-BA46-E360634B0CE9}"
EndProject
Project("{2150E333-8FDC-42A3-9474-1A3956D46DE8}") = "Utilities", "Utilities", "{654ED297-060D-4B5E-B072-F317118F4DE6}"
EndProject
Project("{9A19103F-16F7-4668-BE54-9A1E7A4F7556}") = "PitchFinder.S3", "Utilities\PitchFinder.S3\PitchFinder.S3.csproj", "{82E2D597-24B5-48C3-9B53-8E966EBABE2B}"
EndProject
Project("{2150E333-8FDC-42A3-9474-1A3956D46DE8}") = "Pitch", "Pitch", "{8C972B4B-1859-46AA-95D3-1A7AE484D9DB}"
EndProject
Project("{9A19103F-16F7-4668-BE54-9A1E7A4F7556}") = "Pitch.API", "Services\Pitch\Pitch.API\Pitch.API.csproj", "{4C994DFD-B0EE-45CF-9A52-33C9608F9C0C}"
EndProject
Project("{9A19103F-16F7-4668-BE54-9A1E7A4F7556}") = "Pitch.Domain", "Services\Pitch\Pitch.Domain\Pitch.Domain.csproj", "{1AC05F28-6396-4861-870E-8CF835CA1C87}"
EndProject
Project("{9A19103F-16F7-4668-BE54-9A1E7A4F7556}") = "Pitch.Infrastructure", "Services\Pitch\Pitch.Infrastructure\Pitch.Infrastructure.csproj", "{575810CA-D32E-4A58-8EB9-B8A65DCECF15}"
EndProject
Project("{2150E333-8FDC-42A3-9474-1A3956D46DE8}") = "ServiceBus", "ServiceBus", "{5A75C381-1719-439A-A140-B407CDE8DD57}"
EndProject
Project("{9A19103F-16F7-4668-BE54-9A1E7A4F7556}") = "PitchFinder.RambitMQ", "ServiceBus\PitchFinder.RambitMQ\PitchFinder.RambitMQ.csproj", "{5FFBA777-2ADC-40BA-ADE6-8A3D4BA2309A}"
EndProject
Project("{9A19103F-16F7-4668-BE54-9A1E7A4F7556}") = "Shared.API", "Services\Shared.API\Shared.API.csproj", "{688BCEAC-1F61-4895-B6AF-F0035B718EAA}"
EndProject
Project("{2150E333-8FDC-42A3-9474-1A3956D46DE8}") = "Order", "Order", "{A1E4F830-AABB-4970-9157-F4749E7230F0}"
EndProject
Project("{9A19103F-16F7-4668-BE54-9A1E7A4F7556}") = "Order.API", "Services\Order\Order.API\Order.API.csproj", "{5EC07C1E-5AC9-4A99-836F-179E4A1A813A}"
EndProject
Project("{9A19103F-16F7-4668-BE54-9A1E7A4F7556}") = "Order.Domain", "Services\Order\Order.Domain\Order.Domain.csproj", "{925FA2C4-6A60-44C7-A079-CCF2F403C25D}"
EndProject
Project("{9A19103F-16F7-4668-BE54-9A1E7A4F7556}") = "Order.Infrastructure", "Services\Order\Order.Infrastructure\Order.Infrastructure.csproj", "{ACCCED97-08F2-4A5F-B1A1-1BF1A580ABE4}"
EndProject
Project("{E53339B2-1760-4266-BCC7-CA923CBCF16C}") = "docker-compose", "docker-compose.dcproj", "{E8B2B1C6-A5B8-449F-A067-87C40E02E3D0}"
EndProject
Project("{9A19103F-16F7-4668-BE54-9A1E7A4F7556}") = "Pitch.Grpc", "Services\Pitch\Pitch.Grpc\Pitch.Grpc.csproj", "{D4800AE8-AB09-4B1B-BC7C-8F4F02C104E9}"
EndProject
Project("{9A19103F-16F7-4668-BE54-9A1E7A4F7556}") = "Order.Grpc", "Services\Order\Order.Grpc\Order.Grpc.csproj", "{12182B90-02C0-4DE4-A5B7-2B44D542C2E8}"
EndProject
Project("{2150E333-8FDC-42A3-9474-1A3956D46DE8}") = "Payment", "Payment", "{B610EB9A-2BD8-4822-AD3D-1E1F0E12140A}"
EndProject
Project("{FAE04EC0-301F-11D3-BF4B-00C04F79EFBC}") = "Payment.Momo", "Services\Payment\Payment.Momo\Payment.Momo.csproj", "{EDF00561-A480-4945-930B-9F5B4A217E06}"
EndProject
Global
	GlobalSection(SolutionConfigurationPlatforms) = preSolution
		Debug|Any CPU = Debug|Any CPU
		Release|Any CPU = Release|Any CPU
	EndGlobalSection
	GlobalSection(ProjectConfigurationPlatforms) = postSolution
		{8E3469C0-3715-42DD-B4C2-C34866F084C8}.Debug|Any CPU.ActiveCfg = Debug|Any CPU
		{8E3469C0-3715-42DD-B4C2-C34866F084C8}.Debug|Any CPU.Build.0 = Debug|Any CPU
		{8E3469C0-3715-42DD-B4C2-C34866F084C8}.Release|Any CPU.ActiveCfg = Release|Any CPU
		{8E3469C0-3715-42DD-B4C2-C34866F084C8}.Release|Any CPU.Build.0 = Release|Any CPU
		{601C9AEA-8F8B-4EF7-9744-84150CFF95F5}.Debug|Any CPU.ActiveCfg = Debug|Any CPU
		{601C9AEA-8F8B-4EF7-9744-84150CFF95F5}.Debug|Any CPU.Build.0 = Debug|Any CPU
		{601C9AEA-8F8B-4EF7-9744-84150CFF95F5}.Release|Any CPU.ActiveCfg = Release|Any CPU
		{601C9AEA-8F8B-4EF7-9744-84150CFF95F5}.Release|Any CPU.Build.0 = Release|Any CPU
		{35498BBA-7E54-4385-BD40-F3B530F75AA7}.Debug|Any CPU.ActiveCfg = Debug|Any CPU
		{35498BBA-7E54-4385-BD40-F3B530F75AA7}.Debug|Any CPU.Build.0 = Debug|Any CPU
		{35498BBA-7E54-4385-BD40-F3B530F75AA7}.Release|Any CPU.ActiveCfg = Release|Any CPU
		{35498BBA-7E54-4385-BD40-F3B530F75AA7}.Release|Any CPU.Build.0 = Release|Any CPU
		{58270B88-130E-4741-8BC5-F7E52FE1F706}.Debug|Any CPU.ActiveCfg = Debug|Any CPU
		{58270B88-130E-4741-8BC5-F7E52FE1F706}.Debug|Any CPU.Build.0 = Debug|Any CPU
		{58270B88-130E-4741-8BC5-F7E52FE1F706}.Release|Any CPU.ActiveCfg = Release|Any CPU
		{58270B88-130E-4741-8BC5-F7E52FE1F706}.Release|Any CPU.Build.0 = Release|Any CPU
		{B15FC2A3-1A03-4FE9-BC6A-D9D0F23C0402}.Debug|Any CPU.ActiveCfg = Debug|Any CPU
		{B15FC2A3-1A03-4FE9-BC6A-D9D0F23C0402}.Debug|Any CPU.Build.0 = Debug|Any CPU
		{B15FC2A3-1A03-4FE9-BC6A-D9D0F23C0402}.Release|Any CPU.ActiveCfg = Release|Any CPU
		{B15FC2A3-1A03-4FE9-BC6A-D9D0F23C0402}.Release|Any CPU.Build.0 = Release|Any CPU
		{4C6D9DF1-3840-450A-BA46-E360634B0CE9}.Debug|Any CPU.ActiveCfg = Debug|Any CPU
		{4C6D9DF1-3840-450A-BA46-E360634B0CE9}.Debug|Any CPU.Build.0 = Debug|Any CPU
		{4C6D9DF1-3840-450A-BA46-E360634B0CE9}.Release|Any CPU.ActiveCfg = Release|Any CPU
		{4C6D9DF1-3840-450A-BA46-E360634B0CE9}.Release|Any CPU.Build.0 = Release|Any CPU
		{82E2D597-24B5-48C3-9B53-8E966EBABE2B}.Debug|Any CPU.ActiveCfg = Debug|Any CPU
		{82E2D597-24B5-48C3-9B53-8E966EBABE2B}.Debug|Any CPU.Build.0 = Debug|Any CPU
		{82E2D597-24B5-48C3-9B53-8E966EBABE2B}.Release|Any CPU.ActiveCfg = Release|Any CPU
		{82E2D597-24B5-48C3-9B53-8E966EBABE2B}.Release|Any CPU.Build.0 = Release|Any CPU
		{4C994DFD-B0EE-45CF-9A52-33C9608F9C0C}.Debug|Any CPU.ActiveCfg = Debug|Any CPU
		{4C994DFD-B0EE-45CF-9A52-33C9608F9C0C}.Debug|Any CPU.Build.0 = Debug|Any CPU
		{4C994DFD-B0EE-45CF-9A52-33C9608F9C0C}.Release|Any CPU.ActiveCfg = Release|Any CPU
		{4C994DFD-B0EE-45CF-9A52-33C9608F9C0C}.Release|Any CPU.Build.0 = Release|Any CPU
		{1AC05F28-6396-4861-870E-8CF835CA1C87}.Debug|Any CPU.ActiveCfg = Debug|Any CPU
		{1AC05F28-6396-4861-870E-8CF835CA1C87}.Debug|Any CPU.Build.0 = Debug|Any CPU
		{1AC05F28-6396-4861-870E-8CF835CA1C87}.Release|Any CPU.ActiveCfg = Release|Any CPU
		{1AC05F28-6396-4861-870E-8CF835CA1C87}.Release|Any CPU.Build.0 = Release|Any CPU
		{575810CA-D32E-4A58-8EB9-B8A65DCECF15}.Debug|Any CPU.ActiveCfg = Debug|Any CPU
		{575810CA-D32E-4A58-8EB9-B8A65DCECF15}.Debug|Any CPU.Build.0 = Debug|Any CPU
		{575810CA-D32E-4A58-8EB9-B8A65DCECF15}.Release|Any CPU.ActiveCfg = Release|Any CPU
		{575810CA-D32E-4A58-8EB9-B8A65DCECF15}.Release|Any CPU.Build.0 = Release|Any CPU
		{5FFBA777-2ADC-40BA-ADE6-8A3D4BA2309A}.Debug|Any CPU.ActiveCfg = Debug|Any CPU
		{5FFBA777-2ADC-40BA-ADE6-8A3D4BA2309A}.Debug|Any CPU.Build.0 = Debug|Any CPU
		{5FFBA777-2ADC-40BA-ADE6-8A3D4BA2309A}.Release|Any CPU.ActiveCfg = Release|Any CPU
		{5FFBA777-2ADC-40BA-ADE6-8A3D4BA2309A}.Release|Any CPU.Build.0 = Release|Any CPU
		{688BCEAC-1F61-4895-B6AF-F0035B718EAA}.Debug|Any CPU.ActiveCfg = Debug|Any CPU
		{688BCEAC-1F61-4895-B6AF-F0035B718EAA}.Debug|Any CPU.Build.0 = Debug|Any CPU
		{688BCEAC-1F61-4895-B6AF-F0035B718EAA}.Release|Any CPU.ActiveCfg = Release|Any CPU
		{688BCEAC-1F61-4895-B6AF-F0035B718EAA}.Release|Any CPU.Build.0 = Release|Any CPU
		{5EC07C1E-5AC9-4A99-836F-179E4A1A813A}.Debug|Any CPU.ActiveCfg = Debug|Any CPU
		{5EC07C1E-5AC9-4A99-836F-179E4A1A813A}.Debug|Any CPU.Build.0 = Debug|Any CPU
		{5EC07C1E-5AC9-4A99-836F-179E4A1A813A}.Release|Any CPU.ActiveCfg = Release|Any CPU
		{5EC07C1E-5AC9-4A99-836F-179E4A1A813A}.Release|Any CPU.Build.0 = Release|Any CPU
		{925FA2C4-6A60-44C7-A079-CCF2F403C25D}.Debug|Any CPU.ActiveCfg = Debug|Any CPU
		{925FA2C4-6A60-44C7-A079-CCF2F403C25D}.Debug|Any CPU.Build.0 = Debug|Any CPU
		{925FA2C4-6A60-44C7-A079-CCF2F403C25D}.Release|Any CPU.ActiveCfg = Release|Any CPU
		{925FA2C4-6A60-44C7-A079-CCF2F403C25D}.Release|Any CPU.Build.0 = Release|Any CPU
		{ACCCED97-08F2-4A5F-B1A1-1BF1A580ABE4}.Debug|Any CPU.ActiveCfg = Debug|Any CPU
		{ACCCED97-08F2-4A5F-B1A1-1BF1A580ABE4}.Debug|Any CPU.Build.0 = Debug|Any CPU
		{ACCCED97-08F2-4A5F-B1A1-1BF1A580ABE4}.Release|Any CPU.ActiveCfg = Release|Any CPU
		{ACCCED97-08F2-4A5F-B1A1-1BF1A580ABE4}.Release|Any CPU.Build.0 = Release|Any CPU
		{E8B2B1C6-A5B8-449F-A067-87C40E02E3D0}.Debug|Any CPU.ActiveCfg = Debug|Any CPU
		{E8B2B1C6-A5B8-449F-A067-87C40E02E3D0}.Debug|Any CPU.Build.0 = Debug|Any CPU
		{E8B2B1C6-A5B8-449F-A067-87C40E02E3D0}.Release|Any CPU.ActiveCfg = Release|Any CPU
		{E8B2B1C6-A5B8-449F-A067-87C40E02E3D0}.Release|Any CPU.Build.0 = Release|Any CPU
		{D4800AE8-AB09-4B1B-BC7C-8F4F02C104E9}.Debug|Any CPU.ActiveCfg = Debug|Any CPU
		{D4800AE8-AB09-4B1B-BC7C-8F4F02C104E9}.Debug|Any CPU.Build.0 = Debug|Any CPU
		{D4800AE8-AB09-4B1B-BC7C-8F4F02C104E9}.Release|Any CPU.ActiveCfg = Release|Any CPU
		{D4800AE8-AB09-4B1B-BC7C-8F4F02C104E9}.Release|Any CPU.Build.0 = Release|Any CPU
		{12182B90-02C0-4DE4-A5B7-2B44D542C2E8}.Debug|Any CPU.ActiveCfg = Debug|Any CPU
		{12182B90-02C0-4DE4-A5B7-2B44D542C2E8}.Debug|Any CPU.Build.0 = Debug|Any CPU
		{12182B90-02C0-4DE4-A5B7-2B44D542C2E8}.Release|Any CPU.ActiveCfg = Release|Any CPU
		{12182B90-02C0-4DE4-A5B7-2B44D542C2E8}.Release|Any CPU.Build.0 = Release|Any CPU
		{EDF00561-A480-4945-930B-9F5B4A217E06}.Debug|Any CPU.ActiveCfg = Debug|Any CPU
		{EDF00561-A480-4945-930B-9F5B4A217E06}.Debug|Any CPU.Build.0 = Debug|Any CPU
		{EDF00561-A480-4945-930B-9F5B4A217E06}.Release|Any CPU.ActiveCfg = Release|Any CPU
		{EDF00561-A480-4945-930B-9F5B4A217E06}.Release|Any CPU.Build.0 = Release|Any CPU
	EndGlobalSection
	GlobalSection(SolutionProperties) = preSolution
		HideSolutionNode = FALSE
	EndGlobalSection
	GlobalSection(NestedProjects) = preSolution
		{8E3469C0-3715-42DD-B4C2-C34866F084C8} = {34D76670-5A2D-4144-B3E5-12BDC3B18ECD}
		{601C9AEA-8F8B-4EF7-9744-84150CFF95F5} = {34D76670-5A2D-4144-B3E5-12BDC3B18ECD}
		{EDC33FDA-A517-4142-A1AD-82D92B8FF6B9} = {34D76670-5A2D-4144-B3E5-12BDC3B18ECD}
		{35498BBA-7E54-4385-BD40-F3B530F75AA7} = {EDC33FDA-A517-4142-A1AD-82D92B8FF6B9}
		{58270B88-130E-4741-8BC5-F7E52FE1F706} = {EDC33FDA-A517-4142-A1AD-82D92B8FF6B9}
		{B15FC2A3-1A03-4FE9-BC6A-D9D0F23C0402} = {EDC33FDA-A517-4142-A1AD-82D92B8FF6B9}
		{4E51C186-FCBD-4586-828E-023C12B78A23} = {34D76670-5A2D-4144-B3E5-12BDC3B18ECD}
		{4C6D9DF1-3840-450A-BA46-E360634B0CE9} = {4E51C186-FCBD-4586-828E-023C12B78A23}
		{82E2D597-24B5-48C3-9B53-8E966EBABE2B} = {654ED297-060D-4B5E-B072-F317118F4DE6}
		{8C972B4B-1859-46AA-95D3-1A7AE484D9DB} = {34D76670-5A2D-4144-B3E5-12BDC3B18ECD}
		{4C994DFD-B0EE-45CF-9A52-33C9608F9C0C} = {8C972B4B-1859-46AA-95D3-1A7AE484D9DB}
		{1AC05F28-6396-4861-870E-8CF835CA1C87} = {8C972B4B-1859-46AA-95D3-1A7AE484D9DB}
		{575810CA-D32E-4A58-8EB9-B8A65DCECF15} = {8C972B4B-1859-46AA-95D3-1A7AE484D9DB}
		{5FFBA777-2ADC-40BA-ADE6-8A3D4BA2309A} = {5A75C381-1719-439A-A140-B407CDE8DD57}
		{688BCEAC-1F61-4895-B6AF-F0035B718EAA} = {34D76670-5A2D-4144-B3E5-12BDC3B18ECD}
		{A1E4F830-AABB-4970-9157-F4749E7230F0} = {34D76670-5A2D-4144-B3E5-12BDC3B18ECD}
		{5EC07C1E-5AC9-4A99-836F-179E4A1A813A} = {A1E4F830-AABB-4970-9157-F4749E7230F0}
		{925FA2C4-6A60-44C7-A079-CCF2F403C25D} = {A1E4F830-AABB-4970-9157-F4749E7230F0}
		{ACCCED97-08F2-4A5F-B1A1-1BF1A580ABE4} = {A1E4F830-AABB-4970-9157-F4749E7230F0}
		{D4800AE8-AB09-4B1B-BC7C-8F4F02C104E9} = {8C972B4B-1859-46AA-95D3-1A7AE484D9DB}
		{12182B90-02C0-4DE4-A5B7-2B44D542C2E8} = {A1E4F830-AABB-4970-9157-F4749E7230F0}
		{B610EB9A-2BD8-4822-AD3D-1E1F0E12140A} = {34D76670-5A2D-4144-B3E5-12BDC3B18ECD}
		{EDF00561-A480-4945-930B-9F5B4A217E06} = {B610EB9A-2BD8-4822-AD3D-1E1F0E12140A}
	EndGlobalSection
	GlobalSection(ExtensibilityGlobals) = postSolution
		SolutionGuid = {CAA4B273-D5C7-4C43-8B53-2CC12A956927}
	EndGlobalSection
EndGlobal
